
Microsoft Visual Studio Solution File, Format Version 12.00
# Visual Studio Version 17
VisualStudioVersion = 17.0.31903.59
MinimumVisualStudioVersion = 10.0.40219.1
Project("{2150E333-8FDC-42A3-9474-1A3956D46DE8}") = "src", "src", "{E8A75643-70AF-4707-B071-71D2DF687A65}"
EndProject
Project("{2150E333-8FDC-42A3-9474-1A3956D46DE8}") = "Solution Items", "Solution Items", "{5B0B2261-A038-44C1-B2B6-79B15071D10F}"
	ProjectSection(SolutionItems) = preProject
		.editorconfig = .editorconfig
		Directory.Build.props = Directory.Build.props
		Directory.Packages.props = Directory.Packages.props
	EndProjectSection
EndProject
Project("{2150E333-8FDC-42A3-9474-1A3956D46DE8}") = "tests", "tests", "{B3875FD0-492B-4910-AC8B-A982A23971ED}"
EndProject
Project("{9A19103F-16F7-4668-BE54-9A1E7A4F7556}") = "Domain.UnitTests", "tests\Domain.UnitTests\Domain.UnitTests.csproj", "{95DE765B-DDDE-4B62-BBBC-AF4753087D26}"
EndProject
Project("{2150E333-8FDC-42A3-9474-1A3956D46DE8}") = "Presentation", "Presentation", "{799AA5C5-CEAD-4DE8-AC08-483CC5F98F30}"
EndProject
Project("{2150E333-8FDC-42A3-9474-1A3956D46DE8}") = "Core", "Core", "{3EFDA593-19BE-4C10-8720-D41CA7CE785A}"
EndProject
Project("{2150E333-8FDC-42A3-9474-1A3956D46DE8}") = "Infrastructure", "Infrastructure", "{7F16FF74-31D4-4491-96BD-4FF1710D2E31}"
EndProject
Project("{FAE04EC0-301F-11D3-BF4B-00C04F79EFBC}") = "Security.Application", "src\Core\Security.Application\Security.Application.csproj", "{BAF3481A-E468-471A-AAA0-2EE94C4EC951}"
EndProject
Project("{FAE04EC0-301F-11D3-BF4B-00C04F79EFBC}") = "Security.Infrastructure", "src\Infrastructure\Security.Infrastructure\Security.Infrastructure.csproj", "{FA5275D2-F7A4-441C-8D4A-2C13596F3905}"
EndProject
Project("{FAE04EC0-301F-11D3-BF4B-00C04F79EFBC}") = "Security.Domain", "src\Core\Security.Domain\Security.Domain.csproj", "{F9C38FA0-866A-4F03-A79E-D646C2E3C7D4}"
EndProject
Project("{FAE04EC0-301F-11D3-BF4B-00C04F79EFBC}") = "Security.Persistence", "src\Infrastructure\Security.Persistence\Security.Persistence.csproj", "{6DF6094B-935C-45CB-ACC0-A1A93287365E}"
EndProject
Project("{FAE04EC0-301F-11D3-BF4B-00C04F79EFBC}") = "WebApp1", "src\Presentation\WebApp1\WebApp1.csproj", "{1AFD5140-D3AC-4FAD-A1ED-D503D8332471}"
EndProject
Project("{2150E333-8FDC-42A3-9474-1A3956D46DE8}") = "Docs", "Docs", "{E99F0BBF-B802-40B4-A1DF-08CCB7E176DE}"
	ProjectSection(SolutionItems) = preProject
		src\Presentation\WebApp1.md = src\Presentation\WebApp1.md
		src\Presentation\About.md = src\Presentation\About.md
	EndProjectSection
EndProject
Global
	GlobalSection(SolutionConfigurationPlatforms) = preSolution
		Debug|Any CPU = Debug|Any CPU
		Release|Any CPU = Release|Any CPU
	EndGlobalSection
	GlobalSection(ProjectConfigurationPlatforms) = postSolution
		{95DE765B-DDDE-4B62-BBBC-AF4753087D26}.Debug|Any CPU.ActiveCfg = Debug|Any CPU
		{95DE765B-DDDE-4B62-BBBC-AF4753087D26}.Debug|Any CPU.Build.0 = Debug|Any CPU
		{95DE765B-DDDE-4B62-BBBC-AF4753087D26}.Release|Any CPU.ActiveCfg = Release|Any CPU
		{95DE765B-DDDE-4B62-BBBC-AF4753087D26}.Release|Any CPU.Build.0 = Release|Any CPU
		{BAF3481A-E468-471A-AAA0-2EE94C4EC951}.Debug|Any CPU.ActiveCfg = Debug|Any CPU
		{BAF3481A-E468-471A-AAA0-2EE94C4EC951}.Debug|Any CPU.Build.0 = Debug|Any CPU
		{BAF3481A-E468-471A-AAA0-2EE94C4EC951}.Release|Any CPU.ActiveCfg = Release|Any CPU
		{BAF3481A-E468-471A-AAA0-2EE94C4EC951}.Release|Any CPU.Build.0 = Release|Any CPU
		{FA5275D2-F7A4-441C-8D4A-2C13596F3905}.Debug|Any CPU.ActiveCfg = Debug|Any CPU
		{FA5275D2-F7A4-441C-8D4A-2C13596F3905}.Debug|Any CPU.Build.0 = Debug|Any CPU
		{FA5275D2-F7A4-441C-8D4A-2C13596F3905}.Release|Any CPU.ActiveCfg = Release|Any CPU
		{FA5275D2-F7A4-441C-8D4A-2C13596F3905}.Release|Any CPU.Build.0 = Release|Any CPU
		{F9C38FA0-866A-4F03-A79E-D646C2E3C7D4}.Debug|Any CPU.ActiveCfg = Debug|Any CPU
		{F9C38FA0-866A-4F03-A79E-D646C2E3C7D4}.Debug|Any CPU.Build.0 = Debug|Any CPU
		{F9C38FA0-866A-4F03-A79E-D646C2E3C7D4}.Release|Any CPU.ActiveCfg = Release|Any CPU
		{F9C38FA0-866A-4F03-A79E-D646C2E3C7D4}.Release|Any CPU.Build.0 = Release|Any CPU
		{6DF6094B-935C-45CB-ACC0-A1A93287365E}.Debug|Any CPU.ActiveCfg = Debug|Any CPU
		{6DF6094B-935C-45CB-ACC0-A1A93287365E}.Debug|Any CPU.Build.0 = Debug|Any CPU
		{6DF6094B-935C-45CB-ACC0-A1A93287365E}.Release|Any CPU.ActiveCfg = Release|Any CPU
		{6DF6094B-935C-45CB-ACC0-A1A93287365E}.Release|Any CPU.Build.0 = Release|Any CPU
		{1AFD5140-D3AC-4FAD-A1ED-D503D8332471}.Debug|Any CPU.ActiveCfg = Debug|Any CPU
		{1AFD5140-D3AC-4FAD-A1ED-D503D8332471}.Debug|Any CPU.Build.0 = Debug|Any CPU
		{1AFD5140-D3AC-4FAD-A1ED-D503D8332471}.Release|Any CPU.ActiveCfg = Release|Any CPU
		{1AFD5140-D3AC-4FAD-A1ED-D503D8332471}.Release|Any CPU.Build.0 = Release|Any CPU
	EndGlobalSection
	GlobalSection(SolutionProperties) = preSolution
		HideSolutionNode = FALSE
	EndGlobalSection
	GlobalSection(NestedProjects) = preSolution
		{95DE765B-DDDE-4B62-BBBC-AF4753087D26} = {B3875FD0-492B-4910-AC8B-A982A23971ED}
		{799AA5C5-CEAD-4DE8-AC08-483CC5F98F30} = {E8A75643-70AF-4707-B071-71D2DF687A65}
		{3EFDA593-19BE-4C10-8720-D41CA7CE785A} = {E8A75643-70AF-4707-B071-71D2DF687A65}
		{7F16FF74-31D4-4491-96BD-4FF1710D2E31} = {E8A75643-70AF-4707-B071-71D2DF687A65}
		{BAF3481A-E468-471A-AAA0-2EE94C4EC951} = {3EFDA593-19BE-4C10-8720-D41CA7CE785A}
		{FA5275D2-F7A4-441C-8D4A-2C13596F3905} = {7F16FF74-31D4-4491-96BD-4FF1710D2E31}
		{F9C38FA0-866A-4F03-A79E-D646C2E3C7D4} = {3EFDA593-19BE-4C10-8720-D41CA7CE785A}
		{6DF6094B-935C-45CB-ACC0-A1A93287365E} = {7F16FF74-31D4-4491-96BD-4FF1710D2E31}
		{1AFD5140-D3AC-4FAD-A1ED-D503D8332471} = {799AA5C5-CEAD-4DE8-AC08-483CC5F98F30}
		{E99F0BBF-B802-40B4-A1DF-08CCB7E176DE} = {799AA5C5-CEAD-4DE8-AC08-483CC5F98F30}
	EndGlobalSection
	GlobalSection(ExtensibilityGlobals) = postSolution
		SolutionGuid = {0F7E2CD8-6BC1-4595-86D8-58F8ECF548ED}
	EndGlobalSection
EndGlobal
